
Microsoft Visual Studio Solution File, Format Version 12.00
# Visual Studio Version 16
VisualStudioVersion = 16.0.34031.81
MinimumVisualStudioVersion = 10.0.40219.1
Project("{FAE04EC0-301F-11D3-BF4B-00C04F79EFBC}") = "FrontTestDataSystem", "FrontTestDataSystem\FrontTestDataSystem.csproj", "{8F790CE2-FF86-4B06-BC21-9FB10892C02F}"
EndProject
Global
	GlobalSection(SolutionConfigurationPlatforms) = preSolution
		Debug|Any CPU = Debug|Any CPU
		Release|Any CPU = Release|Any CPU
	EndGlobalSection
	GlobalSection(ProjectConfigurationPlatforms) = postSolution
		{8F790CE2-FF86-4B06-BC21-9FB10892C02F}.Debug|Any CPU.ActiveCfg = Debug|Any CPU
		{8F790CE2-FF86-4B06-BC21-9FB10892C02F}.Debug|Any CPU.Build.0 = Debug|Any CPU
		{8F790CE2-FF86-4B06-BC21-9FB10892C02F}.Release|Any CPU.ActiveCfg = Release|Any CPU
		{8F790CE2-FF86-4B06-BC21-9FB10892C02F}.Release|Any CPU.Build.0 = Release|Any CPU
	EndGlobalSection
	GlobalSection(SolutionProperties) = preSolution
		HideSolutionNode = FALSE
	EndGlobalSection
	GlobalSection(ExtensibilityGlobals) = postSolution
		SolutionGuid = {3ADA1D20-B457-498F-9181-C363286DBDB3}
	EndGlobalSection
EndGlobal
